github.com/asergeyev/nradix v0.0.0-20220715161825-e451993e425c h1:cN6WRmhJkh/u5bvf/XXjoqcHxljVKIz3Nt7q2dVJySo=
github.com/asergeyev/nradix v0.0.0-20220715161825-e451993e425c/go.mod h1:8BhOLuqtSuT5NZtZMwfvEibi09RO3u79uqfHZzfDTR4=
github.com/davecgh/go-spew v1.1.0/go.mod h1:J7Y8YcW2NihsgmVo/mv3lAwl/skON4iLHjSsI+c5H38=
github.com/davecgh/go-spew v1.1.1 h1:vj9j/u1bqnvCEfJOwUhtlOARqs3+rkHYY13jYWTU97c=
github.com/davecgh/go-spew v1.1.1/go.mod h1:J7Y8YcW2NihsgmVo/mv3lAwl/skON4iLHjSsI+c5H38=
github.com/infobloxopen/go-trees v0.0.0-20221216143356-66ceba885ebc h1:RhT2pjLo3EVRmldbEcBdeRA7CGPWsNEJC+Y/N1aXQbg=
github.com/infobloxopen/go-trees v0.0.0-20221216143356-66ceba885ebc/go.mod h1:BaIJzjD2ZnHmx2acPF6XfGLPzNCMiBbMRqJr+8/8uRI=
github.com/mattn/go-runewidth v0.0.9 h1:Lm995f3rfxdpd6TSmuVCHVb/QhupuXlYr8sCI/QdE+0=
github.com/mattn/go-runewidth v0.0.9/go.mod h1:H031xJmbD/WCDINGzjvQ9THkh0rPKHF+m2gUSrubnMI=
github.com/olekukonko/tablewriter v0.0.5 h1:P2Ga83D34wi1o9J6Wh1mRuqd4mF/x/lgBS7N7AbDhec=
github.com/olekukonko/tablewriter v0.0.5/go.mod h1:hPp6KlRPjbx+hW8ykQs1w3UBbZlj6HuIJcUGPhkA7kY=
github.com/phemmer/go-iptrie v0.0.0-20240325175840-205f57d1fc56 h1:tn89d7aZqmRjjhfDhO3Pg1dNUiD157ef4Qqs/cZE9kE=
github.com/phemmer/go-iptrie v0.0.0-20240325175840-205f57d1fc56/go.mod h1:dDLiSjNqdp8VjphLdGTx19OeAUsHOzhtc1FFJqpzWMU=
github.com/pmezard/go-difflib v1.0.0 h1:4DBwDE0NGyQoBHbLQYPwSUPoCMWR5BEzIk/f1lZbAQM=
github.com/pmezard/go-difflib v1.0.0/go.mod h1:iKH77koFhYxTK1pcRnkKkqfTogsbg7gZNVY4sRDYZ/4=
github.com/stretchr/objx v0.1.0/go.mod h1:HFkY916IF+rwdDfMAkV7OtwuqBVzrE8GR6GFx+wExME=
github.com/stretchr/testify v1.4.0/go.mod h1:j7eGeouHqKxXV5pUuKE4zz7dFj8WfuZ+81PSLYec5m4=
github.com/stretchr/testify v1.9.0 h1:HtqpIVDClZ4nwg75+f6Lvsy/wHu+3BoSGCbBAcpTsTg=
github.com/stretchr/testify v1.9.0/go.mod h1:r2ic/lqez/lEtzL7wO/rwa5dbSLXVDPFyf8C91i36aY=
github.com/yl2chen/cidranger v1.0.2 h1:lbOWZVCG1tCRX4u24kuM1Tb4nHqWkDxwLdoS+SevawU=
github.com/yl2chen/cidranger v1.0.2/go.mod h1:9U1yz7WPYDwf0vpNWFaeRh0bjwz5RVgRy/9UEQfHl0g=
golang.org/x/text v0.14.0 h1:ScX5w1eTa3QqT8oi6+ziP7dTV1S2+ALU0bI+0zXKWiQ=
golang.org/x/text v0.14.0/go.mod h1:18ZOQIKpY8NJVqYksKHtTdi31H5itFRjB5/qKTNYzSU=
gopkg.in/check.v1 v0.0.0-20161208181325-20d25e280405/go.mod h1:Co6ibVJAznAaIkqp8huTwlJQCZ016jof/cbN4VW5Yz0=
gopkg.in/yaml.v2 v2.2.2/go.mod h1:hI93XBmqTisBFMUTm0b8Fm+jr3Dg1NNxqwp+5A1VGuI=
gopkg.in/yaml.v2 v2.3.0/go.mod h1:hI93XBmqTisBFMUTm0b8Fm+jr3Dg1NNxqwp+5A1VGuI=
gopkg.in/yaml.v3 v3.0.1 h1:fxVm/GzAzEWqLHuvctI91KS9hhNmmWOoWu0XTYJS7CA=
gopkg.in/yaml.v3 v3.0.1/go.mod h1:K4uyk7z7BCEPqu6E+C64Yfv1cQ7kz7rIZviUmN+EgEM=
